// !$*UTF8*$!
{
	archiveVersion = 1;
	classes = {
	};
	objectVersion = 55;
	objects = {

/* Begin PBXBuildFile section */
		FD3DD8E5285F217F00B61780 /* Images.swift in Sources */ = {isa = PBXBuildFile; fileRef = FD3DD8E4285F217F00B61780 /* Images.swift */; };
		FD826541285FBAD5008E8FBA /* PlayerButtonsStackView.swift in Sources */ = {isa = PBXBuildFile; fileRef = FD826540285FBAD5008E8FBA /* PlayerButtonsStackView.swift */; };
		FD82654328605485008E8FBA /* Yesterday.mp3 in Resources */ = {isa = PBXBuildFile; fileRef = FD82654228605485008E8FBA /* Yesterday.mp3 */; };
		FD82654528605494008E8FBA /* WalkingTheWire.mp3 in Resources */ = {isa = PBXBuildFile; fileRef = FD82654428605494008E8FBA /* WalkingTheWire.mp3 */; };
		FD826547286059A2008E8FBA /* CustomSlider.swift in Sources */ = {isa = PBXBuildFile; fileRef = FD826546286059A1008E8FBA /* CustomSlider.swift */; };
		FDA340E8285E023400DADE43 /* AppDelegate.swift in Sources */ = {isa = PBXBuildFile; fileRef = FDA340E7285E023400DADE43 /* AppDelegate.swift */; };
		FDA340EA285E023400DADE43 /* SceneDelegate.swift in Sources */ = {isa = PBXBuildFile; fileRef = FDA340E9285E023400DADE43 /* SceneDelegate.swift */; };
		FDA340EC285E023400DADE43 /* MainViewController.swift in Sources */ = {isa = PBXBuildFile; fileRef = FDA340EB285E023400DADE43 /* MainViewController.swift */; };
		FDA340EF285E023400DADE43 /* Main.storyboard in Resources */ = {isa = PBXBuildFile; fileRef = FDA340ED285E023400DADE43 /* Main.storyboard */; };
		FDA340F1285E023700DADE43 /* Assets.xcassets in Resources */ = {isa = PBXBuildFile; fileRef = FDA340F0285E023700DADE43 /* Assets.xcassets */; };
		FDA340F4285E023700DADE43 /* LaunchScreen.storyboard in Resources */ = {isa = PBXBuildFile; fileRef = FDA340F2285E023700DADE43 /* LaunchScreen.storyboard */; };
		FDA3410A285E043800DADE43 /* MainTextField.swift in Sources */ = {isa = PBXBuildFile; fileRef = FDA34103285E043800DADE43 /* MainTextField.swift */; };
		FDA3410B285E043800DADE43 /* SongView.swift in Sources */ = {isa = PBXBuildFile; fileRef = FDA34104285E043800DADE43 /* SongView.swift */; };
		FDA3410C285E043800DADE43 /* MainTopView.swift in Sources */ = {isa = PBXBuildFile; fileRef = FDA34105285E043800DADE43 /* MainTopView.swift */; };
		FDA3410D285E043800DADE43 /* HeaderLabel.swift in Sources */ = {isa = PBXBuildFile; fileRef = FDA34106285E043800DADE43 /* HeaderLabel.swift */; };
		FDA3410E285E043800DADE43 /* MainButton.swift in Sources */ = {isa = PBXBuildFile; fileRef = FDA34107285E043800DADE43 /* MainButton.swift */; };
		FDA3410F285E043800DADE43 /* SongImageView.swift in Sources */ = {isa = PBXBuildFile; fileRef = FDA34108285E043800DADE43 /* SongImageView.swift */; };
		FDA34116285E048000DADE43 /* StringAttributes.swift in Sources */ = {isa = PBXBuildFile; fileRef = FDA34111285E048000DADE43 /* StringAttributes.swift */; };
		FDA34117285E048000DADE43 /* SegueIdentifiers.swift in Sources */ = {isa = PBXBuildFile; fileRef = FDA34112285E048000DADE43 /* SegueIdentifiers.swift */; };
		FDA34118285E048000DADE43 /* Fonts.swift in Sources */ = {isa = PBXBuildFile; fileRef = FDA34113285E048000DADE43 /* Fonts.swift */; };
		FDA34119285E048000DADE43 /* UIButton + Extension.swift in Sources */ = {isa = PBXBuildFile; fileRef = FDA34115285E048000DADE43 /* UIButton + Extension.swift */; };
		FDA3411D285E055700DADE43 /* PlayerViewController.swift in Sources */ = {isa = PBXBuildFile; fileRef = FDA3411C285E055700DADE43 /* PlayerViewController.swift */; };
		FDA5104A285F3B9E00F4C2FD /* SnapKit in Frameworks */ = {isa = PBXBuildFile; productRef = FDA51049285F3B9E00F4C2FD /* SnapKit */; };
		FDA5104D285F4AB400F4C2FD /* Song.swift in Sources */ = {isa = PBXBuildFile; fileRef = FDA5104C285F4AB400F4C2FD /* Song.swift */; };
/* End PBXBuildFile section */

/* Begin PBXFileReference section */
		FD3DD8E4285F217F00B61780 /* Images.swift */ = {isa = PBXFileReference; lastKnownFileType = sourcecode.swift; path = Images.swift; sourceTree = "<group>"; };
		FD826540285FBAD5008E8FBA /* PlayerButtonsStackView.swift */ = {isa = PBXFileReference; lastKnownFileType = sourcecode.swift; path = PlayerButtonsStackView.swift; sourceTree = "<group>"; };
		FD82654228605485008E8FBA /* Yesterday.mp3 */ = {isa = PBXFileReference; lastKnownFileType = audio.mp3; name = Yesterday.mp3; path = ../../../../.Trash/Yesterday.mp3; sourceTree = "<group>"; };
		FD82654428605494008E8FBA /* WalkingTheWire.mp3 */ = {isa = PBXFileReference; lastKnownFileType = audio.mp3; path = WalkingTheWire.mp3; sourceTree = "<group>"; };
		FD826546286059A1008E8FBA /* CustomSlider.swift */ = {isa = PBXFileReference; lastKnownFileType = sourcecode.swift; path = CustomSlider.swift; sourceTree = "<group>"; };
		FDA340E4285E023400DADE43 /* Lesson6.app */ = {isa = PBXFileReference; explicitFileType = wrapper.application; includeInIndex = 0; path = Lesson6.app; sourceTree = BUILT_PRODUCTS_DIR; };
		FDA340E7285E023400DADE43 /* AppDelegate.swift */ = {isa = PBXFileReference; lastKnownFileType = sourcecode.swift; path = AppDelegate.swift; sourceTree = "<group>"; };
		FDA340E9285E023400DADE43 /* SceneDelegate.swift */ = {isa = PBXFileReference; lastKnownFileType = sourcecode.swift; path = SceneDelegate.swift; sourceTree = "<group>"; };
		FDA340EB285E023400DADE43 /* MainViewController.swift */ = {isa = PBXFileReference; lastKnownFileType = sourcecode.swift; path = MainViewController.swift; sourceTree = "<group>"; };
		FDA340EE285E023400DADE43 /* Base */ = {isa = PBXFileReference; lastKnownFileType = file.storyboard; name = Base; path = Base.lproj/Main.storyboard; sourceTree = "<group>"; };
		FDA340F0285E023700DADE43 /* Assets.xcassets */ = {isa = PBXFileReference; lastKnownFileType = folder.assetcatalog; path = Assets.xcassets; sourceTree = "<group>"; };
		FDA340F3285E023700DADE43 /* Base */ = {isa = PBXFileReference; lastKnownFileType = file.storyboard; name = Base; path = Base.lproj/LaunchScreen.storyboard; sourceTree = "<group>"; };
		FDA340F5285E023700DADE43 /* Info.plist */ = {isa = PBXFileReference; lastKnownFileType = text.plist.xml; path = Info.plist; sourceTree = "<group>"; };
		FDA34103285E043800DADE43 /* MainTextField.swift */ = {isa = PBXFileReference; fileEncoding = 4; lastKnownFileType = sourcecode.swift; path = MainTextField.swift; sourceTree = "<group>"; };
		FDA34104285E043800DADE43 /* SongView.swift */ = {isa = PBXFileReference; fileEncoding = 4; lastKnownFileType = sourcecode.swift; path = SongView.swift; sourceTree = "<group>"; };
		FDA34105285E043800DADE43 /* MainTopView.swift */ = {isa = PBXFileReference; fileEncoding = 4; lastKnownFileType = sourcecode.swift; path = MainTopView.swift; sourceTree = "<group>"; };
		FDA34106285E043800DADE43 /* HeaderLabel.swift */ = {isa = PBXFileReference; fileEncoding = 4; lastKnownFileType = sourcecode.swift; path = HeaderLabel.swift; sourceTree = "<group>"; };
		FDA34107285E043800DADE43 /* MainButton.swift */ = {isa = PBXFileReference; fileEncoding = 4; lastKnownFileType = sourcecode.swift; path = MainButton.swift; sourceTree = "<group>"; };
		FDA34108285E043800DADE43 /* SongImageView.swift */ = {isa = PBXFileReference; fileEncoding = 4; lastKnownFileType = sourcecode.swift; path = SongImageView.swift; sourceTree = "<group>"; };
		FDA34111285E048000DADE43 /* StringAttributes.swift */ = {isa = PBXFileReference; fileEncoding = 4; lastKnownFileType = sourcecode.swift; path = StringAttributes.swift; sourceTree = "<group>"; };
		FDA34112285E048000DADE43 /* SegueIdentifiers.swift */ = {isa = PBXFileReference; fileEncoding = 4; lastKnownFileType = sourcecode.swift; path = SegueIdentifiers.swift; sourceTree = "<group>"; };
		FDA34113285E048000DADE43 /* Fonts.swift */ = {isa = PBXFileReference; fileEncoding = 4; lastKnownFileType = sourcecode.swift; path = Fonts.swift; sourceTree = "<group>"; };
		FDA34115285E048000DADE43 /* UIButton + Extension.swift */ = {isa = PBXFileReference; fileEncoding = 4; lastKnownFileType = sourcecode.swift; path = "UIButton + Extension.swift"; sourceTree = "<group>"; };
		FDA3411C285E055700DADE43 /* PlayerViewController.swift */ = {isa = PBXFileReference; lastKnownFileType = sourcecode.swift; path = PlayerViewController.swift; sourceTree = "<group>"; };
		FDA5104C285F4AB400F4C2FD /* Song.swift */ = {isa = PBXFileReference; lastKnownFileType = sourcecode.swift; path = Song.swift; sourceTree = "<group>"; };
/* End PBXFileReference section */

/* Begin PBXFrameworksBuildPhase section */
		FDA340E1285E023400DADE43 /* Frameworks */ = {
			isa = PBXFrameworksBuildPhase;
			buildActionMask = 2147483647;
			files = (
				FDA5104A285F3B9E00F4C2FD /* SnapKit in Frameworks */,
			);
			runOnlyForDeploymentPostprocessing = 0;
		};
/* End PBXFrameworksBuildPhase section */

/* Begin PBXGroup section */
		FD3DD8E6285F2DC700B61780 /* Frameworks */ = {
			isa = PBXGroup;
			children = (
			);
			name = Frameworks;
			sourceTree = "<group>";
		};
		FDA340DB285E023400DADE43 = {
			isa = PBXGroup;
			children = (
				FDA340E6285E023400DADE43 /* Lesson6 */,
				FDA340E5285E023400DADE43 /* Products */,
				FD3DD8E6285F2DC700B61780 /* Frameworks */,
			);
			sourceTree = "<group>";
		};
		FDA340E5285E023400DADE43 /* Products */ = {
			isa = PBXGroup;
			children = (
				FDA340E4285E023400DADE43 /* Lesson6.app */,
			);
			name = Products;
			sourceTree = "<group>";
		};
		FDA340E6285E023400DADE43 /* Lesson6 */ = {
			isa = PBXGroup;
			children = (
				FD82654428605494008E8FBA /* WalkingTheWire.mp3 */,
				FD82654228605485008E8FBA /* Yesterday.mp3 */,
				FDA5104B285F4AAA00F4C2FD /* Model */,
				FDA3411A285E049F00DADE43 /* ViewControllers */,
				FDA34101285E043800DADE43 /* Views */,
				FDA34114285E048000DADE43 /* Extensions */,
				FDA3411B285E04D100DADE43 /* Storyboards */,
				FDA34110285E048000DADE43 /* SupportingFiles */,
				FDA340F0285E023700DADE43 /* Assets.xcassets */,
				FDA340F5285E023700DADE43 /* Info.plist */,
			);
			path = Lesson6;
			sourceTree = "<group>";
		};
		FDA34101285E043800DADE43 /* Views */ = {
			isa = PBXGroup;
			children = (
				FDA34103285E043800DADE43 /* MainTextField.swift */,
				FDA34105285E043800DADE43 /* MainTopView.swift */,
				FDA34106285E043800DADE43 /* HeaderLabel.swift */,
				FDA34107285E043800DADE43 /* MainButton.swift */,
				FDA34104285E043800DADE43 /* SongView.swift */,
				FDA34108285E043800DADE43 /* SongImageView.swift */,
				FD826540285FBAD5008E8FBA /* PlayerButtonsStackView.swift */,
				FD826546286059A1008E8FBA /* CustomSlider.swift */,
			);
			path = Views;
			sourceTree = "<group>";
		};
		FDA34110285E048000DADE43 /* SupportingFiles */ = {
			isa = PBXGroup;
			children = (
				FDA340E9285E023400DADE43 /* SceneDelegate.swift */,
				FDA340E7285E023400DADE43 /* AppDelegate.swift */,
				FDA34111285E048000DADE43 /* StringAttributes.swift */,
				FDA34112285E048000DADE43 /* SegueIdentifiers.swift */,
				FDA34113285E048000DADE43 /* Fonts.swift */,
				FD3DD8E4285F217F00B61780 /* Images.swift */,
			);
			name = SupportingFiles;
			path = Lesson6/SupportingFiles;
			sourceTree = SOURCE_ROOT;
		};
		FDA34114285E048000DADE43 /* Extensions */ = {
			isa = PBXGroup;
			children = (
				FDA34115285E048000DADE43 /* UIButton + Extension.swift */,
			);
			name = Extensions;
			path = Lesson6/Extensions;
			sourceTree = SOURCE_ROOT;
		};
		FDA3411A285E049F00DADE43 /* ViewControllers */ = {
			isa = PBXGroup;
			children = (
				FDA340EB285E023400DADE43 /* MainViewController.swift */,
				FDA3411C285E055700DADE43 /* PlayerViewController.swift */,
			);
			path = ViewControllers;
			sourceTree = "<group>";
		};
		FDA3411B285E04D100DADE43 /* Storyboards */ = {
			isa = PBXGroup;
			children = (
				FDA340ED285E023400DADE43 /* Main.storyboard */,
				FDA340F2285E023700DADE43 /* LaunchScreen.storyboard */,
			);
			path = Storyboards;
			sourceTree = "<group>";
		};
		FDA5104B285F4AAA00F4C2FD /* Model */ = {
			isa = PBXGroup;
			children = (
				FDA5104C285F4AB400F4C2FD /* Song.swift */,
			);
			path = Model;
			sourceTree = "<group>";
		};
/* End PBXGroup section */

/* Begin PBXNativeTarget section */
		FDA340E3285E023400DADE43 /* Lesson6 */ = {
			isa = PBXNativeTarget;
			buildConfigurationList = FDA340F8285E023700DADE43 /* Build configuration list for PBXNativeTarget "Lesson6" */;
			buildPhases = (
				FDA340E0285E023400DADE43 /* Sources */,
				FDA340E1285E023400DADE43 /* Frameworks */,
				FDA340E2285E023400DADE43 /* Resources */,
			);
			buildRules = (
			);
			dependencies = (
			);
			name = Lesson6;
			packageProductDependencies = (
				FDA51049285F3B9E00F4C2FD /* SnapKit */,
			);
			productName = Lesson6;
			productReference = FDA340E4285E023400DADE43 /* Lesson6.app */;
			productType = "com.apple.product-type.application";
		};
/* End PBXNativeTarget section */

/* Begin PBXProject section */
		FDA340DC285E023400DADE43 /* Project object */ = {
			isa = PBXProject;
			attributes = {
				BuildIndependentTargetsInParallel = 1;
				LastSwiftUpdateCheck = 1340;
				LastUpgradeCheck = 1340;
				TargetAttributes = {
					FDA340E3285E023400DADE43 = {
						CreatedOnToolsVersion = 13.4.1;
					};
				};
			};
			buildConfigurationList = FDA340DF285E023400DADE43 /* Build configuration list for PBXProject "Lesson6" */;
			compatibilityVersion = "Xcode 13.0";
			developmentRegion = en;
			hasScannedForEncodings = 0;
			knownRegions = (
				en,
				Base,
			);
			mainGroup = FDA340DB285E023400DADE43;
			packageReferences = (
				FDA51048285F3B9E00F4C2FD /* XCRemoteSwiftPackageReference "SnapKit" */,
			);
			productRefGroup = FDA340E5285E023400DADE43 /* Products */;
			projectDirPath = "";
			projectRoot = "";
			targets = (
				FDA340E3285E023400DADE43 /* Lesson6 */,
			);
		};
/* End PBXProject section */

/* Begin PBXResourcesBuildPhase section */
		FDA340E2285E023400DADE43 /* Resources */ = {
			isa = PBXResourcesBuildPhase;
			buildActionMask = 2147483647;
			files = (
				FD82654528605494008E8FBA /* WalkingTheWire.mp3 in Resources */,
				FD82654328605485008E8FBA /* Yesterday.mp3 in Resources */,
				FDA340F4285E023700DADE43 /* LaunchScreen.storyboard in Resources */,
				FDA340F1285E023700DADE43 /* Assets.xcassets in Resources */,
				FDA340EF285E023400DADE43 /* Main.storyboard in Resources */,
			);
			runOnlyForDeploymentPostprocessing = 0;
		};
/* End PBXResourcesBuildPhase section */

/* Begin PBXSourcesBuildPhase section */
		FDA340E0285E023400DADE43 /* Sources */ = {
			isa = PBXSourcesBuildPhase;
			buildActionMask = 2147483647;
			files = (
				FDA34117285E048000DADE43 /* SegueIdentifiers.swift in Sources */,
				FD826547286059A2008E8FBA /* CustomSlider.swift in Sources */,
				FDA340EC285E023400DADE43 /* MainViewController.swift in Sources */,
				FD826541285FBAD5008E8FBA /* PlayerButtonsStackView.swift in Sources */,
				FDA34118285E048000DADE43 /* Fonts.swift in Sources */,
				FDA34119285E048000DADE43 /* UIButton + Extension.swift in Sources */,
				FDA3410B285E043800DADE43 /* SongView.swift in Sources */,
				FDA3410E285E043800DADE43 /* MainButton.swift in Sources */,
				FDA3410A285E043800DADE43 /* MainTextField.swift in Sources */,
				FDA340E8285E023400DADE43 /* AppDelegate.swift in Sources */,
				FDA3410F285E043800DADE43 /* SongImageView.swift in Sources */,
				FDA34116285E048000DADE43 /* StringAttributes.swift in Sources */,
				FDA340EA285E023400DADE43 /* SceneDelegate.swift in Sources */,
				FDA3410D285E043800DADE43 /* HeaderLabel.swift in Sources */,
				FDA3410C285E043800DADE43 /* MainTopView.swift in Sources */,
				FD3DD8E5285F217F00B61780 /* Images.swift in Sources */,
				FDA5104D285F4AB400F4C2FD /* Song.swift in Sources */,
				FDA3411D285E055700DADE43 /* PlayerViewController.swift in Sources */,
			);
			runOnlyForDeploymentPostprocessing = 0;
		};
/* End PBXSourcesBuildPhase section */

/* Begin PBXVariantGroup section */
		FDA340ED285E023400DADE43 /* Main.storyboard */ = {
			isa = PBXVariantGroup;
			children = (
				FDA340EE285E023400DADE43 /* Base */,
			);
			name = Main.storyboard;
			sourceTree = "<group>";
		};
		FDA340F2285E023700DADE43 /* LaunchScreen.storyboard */ = {
			isa = PBXVariantGroup;
			children = (
				FDA340F3285E023700DADE43 /* Base */,
			);
			name = LaunchScreen.storyboard;
			sourceTree = "<group>";
		};
/* End PBXVariantGroup section */

/* Begin XCBuildConfiguration section */
		FDA340F6285E023700DADE43 /* Debug */ = {
			isa = XCBuildConfiguration;
			buildSettings = {
				ALWAYS_SEARCH_USER_PATHS = NO;
				CLANG_ANALYZER_NONNULL = YES;
				CLANG_ANALYZER_NUMBER_OBJECT_CONVERSION = YES_AGGRESSIVE;
				CLANG_CXX_LANGUAGE_STANDARD = "gnu++17";
				CLANG_ENABLE_MODULES = YES;
				CLANG_ENABLE_OBJC_ARC = YES;
				CLANG_ENABLE_OBJC_WEAK = YES;
				CLANG_WARN_BLOCK_CAPTURE_AUTORELEASING = YES;
				CLANG_WARN_BOOL_CONVERSION = YES;
				CLANG_WARN_COMMA = YES;
				CLANG_WARN_CONSTANT_CONVERSION = YES;
				CLANG_WARN_DEPRECATED_OBJC_IMPLEMENTATIONS = YES;
				CLANG_WARN_DIRECT_OBJC_ISA_USAGE = YES_ERROR;
				CLANG_WARN_DOCUMENTATION_COMMENTS = YES;
				CLANG_WARN_EMPTY_BODY = YES;
				CLANG_WARN_ENUM_CONVERSION = YES;
				CLANG_WARN_INFINITE_RECURSION = YES;
				CLANG_WARN_INT_CONVERSION = YES;
				CLANG_WARN_NON_LITERAL_NULL_CONVERSION = YES;
				CLANG_WARN_OBJC_IMPLICIT_RETAIN_SELF = YES;
				CLANG_WARN_OBJC_LITERAL_CONVERSION = YES;
				CLANG_WARN_OBJC_ROOT_CLASS = YES_ERROR;
				CLANG_WARN_QUOTED_INCLUDE_IN_FRAMEWORK_HEADER = YES;
				CLANG_WARN_RANGE_LOOP_ANALYSIS = YES;
				CLANG_WARN_STRICT_PROTOTYPES = YES;
				CLANG_WARN_SUSPICIOUS_MOVE = YES;
				CLANG_WARN_UNGUARDED_AVAILABILITY = YES_AGGRESSIVE;
				CLANG_WARN_UNREACHABLE_CODE = YES;
				CLANG_WARN__DUPLICATE_METHOD_MATCH = YES;
				COPY_PHASE_STRIP = NO;
				DEBUG_INFORMATION_FORMAT = dwarf;
				ENABLE_STRICT_OBJC_MSGSEND = YES;
				ENABLE_TESTABILITY = YES;
				GCC_C_LANGUAGE_STANDARD = gnu11;
				GCC_DYNAMIC_NO_PIC = NO;
				GCC_NO_COMMON_BLOCKS = YES;
				GCC_OPTIMIZATION_LEVEL = 0;
				GCC_PREPROCESSOR_DEFINITIONS = (
					"DEBUG=1",
					"$(inherited)",
				);
				GCC_WARN_64_TO_32_BIT_CONVERSION = YES;
				GCC_WARN_ABOUT_RETURN_TYPE = YES_ERROR;
				GCC_WARN_UNDECLARED_SELECTOR = YES;
				GCC_WARN_UNINITIALIZED_AUTOS = YES_AGGRESSIVE;
				GCC_WARN_UNUSED_FUNCTION = YES;
				GCC_WARN_UNUSED_VARIABLE = YES;
				IPHONEOS_DEPLOYMENT_TARGET = 15.4;
				MTL_ENABLE_DEBUG_INFO = INCLUDE_SOURCE;
				MTL_FAST_MATH = YES;
				ONLY_ACTIVE_ARCH = YES;
				SDKROOT = iphoneos;
				SWIFT_ACTIVE_COMPILATION_CONDITIONS = DEBUG;
				SWIFT_OPTIMIZATION_LEVEL = "-Onone";
			};
			name = Debug;
		};
		FDA340F7285E023700DADE43 /* Release */ = {
			isa = XCBuildConfiguration;
			buildSettings = {
				ALWAYS_SEARCH_USER_PATHS = NO;
				CLANG_ANALYZER_NONNULL = YES;
				CLANG_ANALYZER_NUMBER_OBJECT_CONVERSION = YES_AGGRESSIVE;
				CLANG_CXX_LANGUAGE_STANDARD = "gnu++17";
				CLANG_ENABLE_MODULES = YES;
				CLANG_ENABLE_OBJC_ARC = YES;
				CLANG_ENABLE_OBJC_WEAK = YES;
				CLANG_WARN_BLOCK_CAPTURE_AUTORELEASING = YES;
				CLANG_WARN_BOOL_CONVERSION = YES;
				CLANG_WARN_COMMA = YES;
				CLANG_WARN_CONSTANT_CONVERSION = YES;
				CLANG_WARN_DEPRECATED_OBJC_IMPLEMENTATIONS = YES;
				CLANG_WARN_DIRECT_OBJC_ISA_USAGE = YES_ERROR;
				CLANG_WARN_DOCUMENTATION_COMMENTS = YES;
				CLANG_WARN_EMPTY_BODY = YES;
				CLANG_WARN_ENUM_CONVERSION = YES;
				CLANG_WARN_INFINITE_RECURSION = YES;
				CLANG_WARN_INT_CONVERSION = YES;
				CLANG_WARN_NON_LITERAL_NULL_CONVERSION = YES;
				CLANG_WARN_OBJC_IMPLICIT_RETAIN_SELF = YES;
				CLANG_WARN_OBJC_LITERAL_CONVERSION = YES;
				CLANG_WARN_OBJC_ROOT_CLASS = YES_ERROR;
				CLANG_WARN_QUOTED_INCLUDE_IN_FRAMEWORK_HEADER = YES;
				CLANG_WARN_RANGE_LOOP_ANALYSIS = YES;
				CLANG_WARN_STRICT_PROTOTYPES = YES;
				CLANG_WARN_SUSPICIOUS_MOVE = YES;
				CLANG_WARN_UNGUARDED_AVAILABILITY = YES_AGGRESSIVE;
				CLANG_WARN_UNREACHABLE_CODE = YES;
				CLANG_WARN__DUPLICATE_METHOD_MATCH = YES;
				COPY_PHASE_STRIP = NO;
				DEBUG_INFORMATION_FORMAT = "dwarf-with-dsym";
				ENABLE_NS_ASSERTIONS = NO;
				ENABLE_STRICT_OBJC_MSGSEND = YES;
				GCC_C_LANGUAGE_STANDARD = gnu11;
				GCC_NO_COMMON_BLOCKS = YES;
				GCC_WARN_64_TO_32_BIT_CONVERSION = YES;
				GCC_WARN_ABOUT_RETURN_TYPE = YES_ERROR;
				GCC_WARN_UNDECLARED_SELECTOR = YES;
				GCC_WARN_UNINITIALIZED_AUTOS = YES_AGGRESSIVE;
				GCC_WARN_UNUSED_FUNCTION = YES;
				GCC_WARN_UNUSED_VARIABLE = YES;
				IPHONEOS_DEPLOYMENT_TARGET = 15.4;
				MTL_ENABLE_DEBUG_INFO = NO;
				MTL_FAST_MATH = YES;
				SDKROOT = iphoneos;
				SWIFT_COMPILATION_MODE = wholemodule;
				SWIFT_OPTIMIZATION_LEVEL = "-O";
				VALIDATE_PRODUCT = YES;
			};
			name = Release;
		};
		FDA340F9285E023700DADE43 /* Debug */ = {
			isa = XCBuildConfiguration;
			buildSettings = {
				ALWAYS_EMBED_SWIFT_STANDARD_LIBRARIES = YES;
				ASSETCATALOG_COMPILER_APPICON_NAME = AppIcon;
				ASSETCATALOG_COMPILER_GLOBAL_ACCENT_COLOR_NAME = AccentColor;
				CODE_SIGN_STYLE = Automatic;
				CURRENT_PROJECT_VERSION = 1;
				DEVELOPMENT_TEAM = 57CMV9FCQ8;
				GENERATE_INFOPLIST_FILE = YES;
				INFOPLIST_FILE = Lesson6/Info.plist;
				INFOPLIST_KEY_UIApplicationSupportsIndirectInputEvents = YES;
				INFOPLIST_KEY_UILaunchStoryboardName = LaunchScreen;
				INFOPLIST_KEY_UIMainStoryboardFile = Main;
				INFOPLIST_KEY_UISupportedInterfaceOrientations_iPad = "UIInterfaceOrientationPortrait UIInterfaceOrientationPortraitUpsideDown UIInterfaceOrientationLandscapeLeft UIInterfaceOrientationLandscapeRight";
				INFOPLIST_KEY_UISupportedInterfaceOrientations_iPhone = "UIInterfaceOrientationPortrait UIInterfaceOrientationLandscapeLeft UIInterfaceOrientationLandscapeRight";
				LD_RUNPATH_SEARCH_PATHS = (
					"$(inherited)",
					"@executable_path/Frameworks",
				);
				MARKETING_VERSION = 1.0;
				PRODUCT_BUNDLE_IDENTIFIER = com.mutanntix.Lesson6;
				PRODUCT_NAME = "$(TARGET_NAME)";
				SWIFT_EMIT_LOC_STRINGS = YES;
				SWIFT_VERSION = 5.0;
				TARGETED_DEVICE_FAMILY = "1,2";
			};
			name = Debug;
		};
		FDA340FA285E023700DADE43 /* Release */ = {
			isa = XCBuildConfiguration;
			buildSettings = {
				ALWAYS_EMBED_SWIFT_STANDARD_LIBRARIES = YES;
				ASSETCATALOG_COMPILER_APPICON_NAME = AppIcon;
				ASSETCATALOG_COMPILER_GLOBAL_ACCENT_COLOR_NAME = AccentColor;
				CODE_SIGN_STYLE = Automatic;
				CURRENT_PROJECT_VERSION = 1;
				DEVELOPMENT_TEAM = 57CMV9FCQ8;
				GENERATE_INFOPLIST_FILE = YES;
				INFOPLIST_FILE = Lesson6/Info.plist;
				INFOPLIST_KEY_UIApplicationSupportsIndirectInputEvents = YES;
				INFOPLIST_KEY_UILaunchStoryboardName = LaunchScreen;
				INFOPLIST_KEY_UIMainStoryboardFile = Main;
				INFOPLIST_KEY_UISupportedInterfaceOrientations_iPad = "UIInterfaceOrientationPortrait UIInterfaceOrientationPortraitUpsideDown UIInterfaceOrientationLandscapeLeft UIInterfaceOrientationLandscapeRight";
				INFOPLIST_KEY_UISupportedInterfaceOrientations_iPhone = "UIInterfaceOrientationPortrait UIInterfaceOrientationLandscapeLeft UIInterfaceOrientationLandscapeRight";
				LD_RUNPATH_SEARCH_PATHS = (
					"$(inherited)",
					"@executable_path/Frameworks",
				);
				MARKETING_VERSION = 1.0;
				PRODUCT_BUNDLE_IDENTIFIER = com.mutanntix.Lesson6;
				PRODUCT_NAME = "$(TARGET_NAME)";
				SWIFT_EMIT_LOC_STRINGS = YES;
				SWIFT_VERSION = 5.0;
				TARGETED_DEVICE_FAMILY = "1,2";
			};
			name = Release;
		};
/* End XCBuildConfiguration section */

/* Begin XCConfigurationList section */
		FDA340DF285E023400DADE43 /* Build configuration list for PBXProject "Lesson6" */ = {
			isa = XCConfigurationList;
			buildConfigurations = (
				FDA340F6285E023700DADE43 /* Debug */,
				FDA340F7285E023700DADE43 /* Release */,
			);
			defaultConfigurationIsVisible = 0;
			defaultConfigurationName = Release;
		};
		FDA340F8285E023700DADE43 /* Build configuration list for PBXNativeTarget "Lesson6" */ = {
			isa = XCConfigurationList;
			buildConfigurations = (
				FDA340F9285E023700DADE43 /* Debug */,
				FDA340FA285E023700DADE43 /* Release */,
			);
			defaultConfigurationIsVisible = 0;
			defaultConfigurationName = Release;
		};
/* End XCConfigurationList section */

/* Begin XCRemoteSwiftPackageReference section */
		FDA51048285F3B9E00F4C2FD /* XCRemoteSwiftPackageReference "SnapKit" */ = {
			isa = XCRemoteSwiftPackageReference;
			repositoryURL = "https://github.com/SnapKit/SnapKit.git";
			requirement = {
				kind = upToNextMajorVersion;
				minimumVersion = 5.0.0;
			};
		};
/* End XCRemoteSwiftPackageReference section */

/* Begin XCSwiftPackageProductDependency section */
		FDA51049285F3B9E00F4C2FD /* SnapKit */ = {
			isa = XCSwiftPackageProductDependency;
			package = FDA51048285F3B9E00F4C2FD /* XCRemoteSwiftPackageReference "SnapKit" */;
			productName = SnapKit;
		};
/* End XCSwiftPackageProductDependency section */
	};
	rootObject = FDA340DC285E023400DADE43 /* Project object */;
}
